// !$*UTF8*$!
{
	archiveVersion = 1;
	classes = {
	};
	objectVersion = 55;
	objects = {

/* Begin PBXBuildFile section */
		52C9EBE928380CAF00682E3B /* MoonbounceiOSApp.swift in Sources */ = {isa = PBXBuildFile; fileRef = 52C9EBE828380CAF00682E3B /* MoonbounceiOSApp.swift */; };
		52C9EBEB28380CAF00682E3B /* ContentView.swift in Sources */ = {isa = PBXBuildFile; fileRef = 52C9EBEA28380CAF00682E3B /* ContentView.swift */; };
		52C9EBED28380CB000682E3B /* Assets.xcassets in Resources */ = {isa = PBXBuildFile; fileRef = 52C9EBEC28380CB000682E3B /* Assets.xcassets */; };
		52C9EBF028380CB000682E3B /* Preview Assets.xcassets in Resources */ = {isa = PBXBuildFile; fileRef = 52C9EBEF28380CB000682E3B /* Preview Assets.xcassets */; };
		52F5D5A928456F490077F2C5 /* MoonbounceLibrary in Frameworks */ = {isa = PBXBuildFile; productRef = 52F5D5A828456F490077F2C5 /* MoonbounceLibrary */; };
		52F5D5AB28456F490077F2C5 /* MoonbounceNetworkExtensionLibrary in Frameworks */ = {isa = PBXBuildFile; productRef = 52F5D5AA28456F490077F2C5 /* MoonbounceNetworkExtensionLibrary */; };
		52F5D5AD28456F490077F2C5 /* MoonbounceShared in Frameworks */ = {isa = PBXBuildFile; productRef = 52F5D5AC28456F490077F2C5 /* MoonbounceShared */; };
		52F5D5B0284576BC0077F2C5 /* NetworkExtension.framework in Frameworks */ = {isa = PBXBuildFile; fileRef = 52F5D5AF284576BC0077F2C5 /* NetworkExtension.framework */; };
		AE0635152910823300453CC4 /* NetworkExtension.framework in Frameworks */ = {isa = PBXBuildFile; fileRef = 52F5D5AF284576BC0077F2C5 /* NetworkExtension.framework */; };
		AE0635182910823300453CC4 /* PacketTunnelProvider.swift in Sources */ = {isa = PBXBuildFile; fileRef = AE0635172910823300453CC4 /* PacketTunnelProvider.swift */; };
		AE06351D2910823300453CC4 /* MoonbouncePacketTunnelProvider.appex in Embed Foundation Extensions */ = {isa = PBXBuildFile; fileRef = AE0635142910823300453CC4 /* MoonbouncePacketTunnelProvider.appex */; settings = {ATTRIBUTES = (RemoveHeadersOnCopy, ); }; };
		AE063522291082DE00453CC4 /* MoonbounceLibrary in Frameworks */ = {isa = PBXBuildFile; productRef = AE063521291082DE00453CC4 /* MoonbounceLibrary */; };
		AE063524291082DE00453CC4 /* MoonbounceNetworkExtensionLibrary in Frameworks */ = {isa = PBXBuildFile; productRef = AE063523291082DE00453CC4 /* MoonbounceNetworkExtensionLibrary */; };
		AE063526291082DE00453CC4 /* MoonbounceShared in Frameworks */ = {isa = PBXBuildFile; productRef = AE063525291082DE00453CC4 /* MoonbounceShared */; };
		AE90E43F2908C8310034B3A6 /* VPNManager.swift in Sources */ = {isa = PBXBuildFile; fileRef = AE90E43E2908C8310034B3A6 /* VPNManager.swift */; };
/* End PBXBuildFile section */

/* Begin PBXContainerItemProxy section */
		AE06351B2910823300453CC4 /* PBXContainerItemProxy */ = {
			isa = PBXContainerItemProxy;
			containerPortal = 52C9EBDD28380CAF00682E3B /* Project object */;
			proxyType = 1;
			remoteGlobalIDString = AE0635132910823300453CC4;
			remoteInfo = MoonbouncePacketTunnelProvider;
		};
/* End PBXContainerItemProxy section */

/* Begin PBXCopyFilesBuildPhase section */
		AE0635092910818800453CC4 /* Embed Foundation Extensions */ = {
			isa = PBXCopyFilesBuildPhase;
			buildActionMask = 2147483647;
			dstPath = "";
			dstSubfolderSpec = 13;
			files = (
				AE06351D2910823300453CC4 /* MoonbouncePacketTunnelProvider.appex in Embed Foundation Extensions */,
			);
			name = "Embed Foundation Extensions";
			runOnlyForDeploymentPostprocessing = 0;
		};
/* End PBXCopyFilesBuildPhase section */

/* Begin PBXFileReference section */
		52C9EBE528380CAF00682E3B /* MoonbounceiOS.app */ = {isa = PBXFileReference; explicitFileType = wrapper.application; includeInIndex = 0; path = MoonbounceiOS.app; sourceTree = BUILT_PRODUCTS_DIR; };
		52C9EBE828380CAF00682E3B /* MoonbounceiOSApp.swift */ = {isa = PBXFileReference; lastKnownFileType = sourcecode.swift; path = MoonbounceiOSApp.swift; sourceTree = "<group>"; };
		52C9EBEA28380CAF00682E3B /* ContentView.swift */ = {isa = PBXFileReference; lastKnownFileType = sourcecode.swift; path = ContentView.swift; sourceTree = "<group>"; };
		52C9EBEC28380CB000682E3B /* Assets.xcassets */ = {isa = PBXFileReference; lastKnownFileType = folder.assetcatalog; path = Assets.xcassets; sourceTree = "<group>"; };
		52C9EBEF28380CB000682E3B /* Preview Assets.xcassets */ = {isa = PBXFileReference; lastKnownFileType = folder.assetcatalog; path = "Preview Assets.xcassets"; sourceTree = "<group>"; };
		52F5D5AE284576BC0077F2C5 /* MoonbounceiOS.entitlements */ = {isa = PBXFileReference; lastKnownFileType = text.plist.entitlements; path = MoonbounceiOS.entitlements; sourceTree = "<group>"; };
		52F5D5AF284576BC0077F2C5 /* NetworkExtension.framework */ = {isa = PBXFileReference; lastKnownFileType = wrapper.framework; name = NetworkExtension.framework; path = System/Library/Frameworks/NetworkExtension.framework; sourceTree = SDKROOT; };
		AE0635142910823300453CC4 /* MoonbouncePacketTunnelProvider.appex */ = {isa = PBXFileReference; explicitFileType = "wrapper.app-extension"; includeInIndex = 0; path = MoonbouncePacketTunnelProvider.appex; sourceTree = BUILT_PRODUCTS_DIR; };
		AE0635172910823300453CC4 /* PacketTunnelProvider.swift */ = {isa = PBXFileReference; lastKnownFileType = sourcecode.swift; path = PacketTunnelProvider.swift; sourceTree = "<group>"; };
		AE0635192910823300453CC4 /* Info.plist */ = {isa = PBXFileReference; lastKnownFileType = text.plist.xml; path = Info.plist; sourceTree = "<group>"; };
		AE06351A2910823300453CC4 /* MoonbouncePacketTunnelProvider.entitlements */ = {isa = PBXFileReference; lastKnownFileType = text.plist.entitlements; path = MoonbouncePacketTunnelProvider.entitlements; sourceTree = "<group>"; };
		AE90E43E2908C8310034B3A6 /* VPNManager.swift */ = {isa = PBXFileReference; lastKnownFileType = sourcecode.swift; path = VPNManager.swift; sourceTree = "<group>"; };
/* End PBXFileReference section */

/* Begin PBXFrameworksBuildPhase section */
		52C9EBE228380CAF00682E3B /* Frameworks */ = {
			isa = PBXFrameworksBuildPhase;
			buildActionMask = 2147483647;
			files = (
				52F5D5AD28456F490077F2C5 /* MoonbounceShared in Frameworks */,
				52F5D5A928456F490077F2C5 /* MoonbounceLibrary in Frameworks */,
				52F5D5B0284576BC0077F2C5 /* NetworkExtension.framework in Frameworks */,
				52F5D5AB28456F490077F2C5 /* MoonbounceNetworkExtensionLibrary in Frameworks */,
			);
			runOnlyForDeploymentPostprocessing = 0;
		};
		AE0635112910823300453CC4 /* Frameworks */ = {
			isa = PBXFrameworksBuildPhase;
			buildActionMask = 2147483647;
			files = (
				AE063526291082DE00453CC4 /* MoonbounceShared in Frameworks */,
				AE0635152910823300453CC4 /* NetworkExtension.framework in Frameworks */,
				AE063522291082DE00453CC4 /* MoonbounceLibrary in Frameworks */,
				AE063524291082DE00453CC4 /* MoonbounceNetworkExtensionLibrary in Frameworks */,
			);
			runOnlyForDeploymentPostprocessing = 0;
		};
/* End PBXFrameworksBuildPhase section */

/* Begin PBXGroup section */
		52241B7F283C05E3003CA1DE /* Frameworks */ = {
			isa = PBXGroup;
			children = (
				52F5D5AF284576BC0077F2C5 /* NetworkExtension.framework */,
			);
			name = Frameworks;
			sourceTree = "<group>";
		};
		52C9EBDC28380CAF00682E3B = {
			isa = PBXGroup;
			children = (
				52C9EBE728380CAF00682E3B /* MoonbounceiOS */,
				AE0635162910823300453CC4 /* MoonbouncePacketTunnelProvider */,
				52C9EBE628380CAF00682E3B /* Products */,
				52241B7F283C05E3003CA1DE /* Frameworks */,
			);
			sourceTree = "<group>";
		};
		52C9EBE628380CAF00682E3B /* Products */ = {
			isa = PBXGroup;
			children = (
				52C9EBE528380CAF00682E3B /* MoonbounceiOS.app */,
				AE0635142910823300453CC4 /* MoonbouncePacketTunnelProvider.appex */,
			);
			name = Products;
			sourceTree = "<group>";
		};
		52C9EBE728380CAF00682E3B /* MoonbounceiOS */ = {
			isa = PBXGroup;
			children = (
				52F5D5AE284576BC0077F2C5 /* MoonbounceiOS.entitlements */,
				52C9EBE828380CAF00682E3B /* MoonbounceiOSApp.swift */,
				52C9EBEA28380CAF00682E3B /* ContentView.swift */,
				52C9EBEC28380CB000682E3B /* Assets.xcassets */,
				52C9EBEE28380CB000682E3B /* Preview Content */,
				AE90E43E2908C8310034B3A6 /* VPNManager.swift */,
			);
			path = MoonbounceiOS;
			sourceTree = "<group>";
		};
		52C9EBEE28380CB000682E3B /* Preview Content */ = {
			isa = PBXGroup;
			children = (
				52C9EBEF28380CB000682E3B /* Preview Assets.xcassets */,
			);
			path = "Preview Content";
			sourceTree = "<group>";
		};
		AE0635162910823300453CC4 /* MoonbouncePacketTunnelProvider */ = {
			isa = PBXGroup;
			children = (
				AE0635172910823300453CC4 /* PacketTunnelProvider.swift */,
				AE0635192910823300453CC4 /* Info.plist */,
				AE06351A2910823300453CC4 /* MoonbouncePacketTunnelProvider.entitlements */,
			);
			path = MoonbouncePacketTunnelProvider;
			sourceTree = "<group>";
		};
/* End PBXGroup section */

/* Begin PBXNativeTarget section */
		52C9EBE428380CAF00682E3B /* MoonbounceiOS */ = {
			isa = PBXNativeTarget;
			buildConfigurationList = 52C9EBF328380CB000682E3B /* Build configuration list for PBXNativeTarget "MoonbounceiOS" */;
			buildPhases = (
				52C9EBE128380CAF00682E3B /* Sources */,
				52C9EBE228380CAF00682E3B /* Frameworks */,
				52C9EBE328380CAF00682E3B /* Resources */,
				AE0635092910818800453CC4 /* Embed Foundation Extensions */,
			);
			buildRules = (
			);
			dependencies = (
				AE06351C2910823300453CC4 /* PBXTargetDependency */,
			);
			name = MoonbounceiOS;
			packageProductDependencies = (
				52F5D5A828456F490077F2C5 /* MoonbounceLibrary */,
				52F5D5AA28456F490077F2C5 /* MoonbounceNetworkExtensionLibrary */,
				52F5D5AC28456F490077F2C5 /* MoonbounceShared */,
			);
			productName = MoonbounceiOS;
			productReference = 52C9EBE528380CAF00682E3B /* MoonbounceiOS.app */;
			productType = "com.apple.product-type.application";
		};
		AE0635132910823300453CC4 /* MoonbouncePacketTunnelProvider */ = {
			isa = PBXNativeTarget;
			buildConfigurationList = AE06351E2910823300453CC4 /* Build configuration list for PBXNativeTarget "MoonbouncePacketTunnelProvider" */;
			buildPhases = (
				AE0635102910823300453CC4 /* Sources */,
				AE0635112910823300453CC4 /* Frameworks */,
				AE0635122910823300453CC4 /* Resources */,
			);
			buildRules = (
			);
			dependencies = (
			);
			name = MoonbouncePacketTunnelProvider;
			packageProductDependencies = (
				AE063521291082DE00453CC4 /* MoonbounceLibrary */,
				AE063523291082DE00453CC4 /* MoonbounceNetworkExtensionLibrary */,
				AE063525291082DE00453CC4 /* MoonbounceShared */,
			);
			productName = MoonbouncePacketTunnelProvider;
			productReference = AE0635142910823300453CC4 /* MoonbouncePacketTunnelProvider.appex */;
			productType = "com.apple.product-type.app-extension";
		};
/* End PBXNativeTarget section */

/* Begin PBXProject section */
		52C9EBDD28380CAF00682E3B /* Project object */ = {
			isa = PBXProject;
			attributes = {
				BuildIndependentTargetsInParallel = 1;
				LastSwiftUpdateCheck = 1400;
				LastUpgradeCheck = 1330;
				TargetAttributes = {
					52C9EBE428380CAF00682E3B = {
						CreatedOnToolsVersion = 13.3.1;
					};
					AE0635132910823300453CC4 = {
						CreatedOnToolsVersion = 14.0.1;
					};
				};
			};
			buildConfigurationList = 52C9EBE028380CAF00682E3B /* Build configuration list for PBXProject "MoonbounceiOS" */;
			compatibilityVersion = "Xcode 13.0";
			developmentRegion = en;
			hasScannedForEncodings = 0;
			knownRegions = (
				en,
				Base,
			);
			mainGroup = 52C9EBDC28380CAF00682E3B;
			packageReferences = (
				52F5D5A528456F490077F2C5 /* XCRemoteSwiftPackageReference "MoonbounceLibrary" */,
			);
			productRefGroup = 52C9EBE628380CAF00682E3B /* Products */;
			projectDirPath = "";
			projectRoot = "";
			targets = (
				52C9EBE428380CAF00682E3B /* MoonbounceiOS */,
				AE0635132910823300453CC4 /* MoonbouncePacketTunnelProvider */,
			);
		};
/* End PBXProject section */

/* Begin PBXResourcesBuildPhase section */
		52C9EBE328380CAF00682E3B /* Resources */ = {
			isa = PBXResourcesBuildPhase;
			buildActionMask = 2147483647;
			files = (
				52C9EBF028380CB000682E3B /* Preview Assets.xcassets in Resources */,
				52C9EBED28380CB000682E3B /* Assets.xcassets in Resources */,
			);
			runOnlyForDeploymentPostprocessing = 0;
		};
		AE0635122910823300453CC4 /* Resources */ = {
			isa = PBXResourcesBuildPhase;
			buildActionMask = 2147483647;
			files = (
			);
			runOnlyForDeploymentPostprocessing = 0;
		};
/* End PBXResourcesBuildPhase section */

/* Begin PBXSourcesBuildPhase section */
		52C9EBE128380CAF00682E3B /* Sources */ = {
			isa = PBXSourcesBuildPhase;
			buildActionMask = 2147483647;
			files = (
				52C9EBEB28380CAF00682E3B /* ContentView.swift in Sources */,
				AE90E43F2908C8310034B3A6 /* VPNManager.swift in Sources */,
				52C9EBE928380CAF00682E3B /* MoonbounceiOSApp.swift in Sources */,
			);
			runOnlyForDeploymentPostprocessing = 0;
		};
		AE0635102910823300453CC4 /* Sources */ = {
			isa = PBXSourcesBuildPhase;
			buildActionMask = 2147483647;
			files = (
				AE0635182910823300453CC4 /* PacketTunnelProvider.swift in Sources */,
			);
			runOnlyForDeploymentPostprocessing = 0;
		};
/* End PBXSourcesBuildPhase section */

/* Begin PBXTargetDependency section */
		AE06351C2910823300453CC4 /* PBXTargetDependency */ = {
			isa = PBXTargetDependency;
			target = AE0635132910823300453CC4 /* MoonbouncePacketTunnelProvider */;
			targetProxy = AE06351B2910823300453CC4 /* PBXContainerItemProxy */;
		};
/* End PBXTargetDependency section */

/* Begin XCBuildConfiguration section */
		52C9EBF128380CB000682E3B /* Debug */ = {
			isa = XCBuildConfiguration;
			buildSettings = {
				ALWAYS_SEARCH_USER_PATHS = NO;
				CLANG_ANALYZER_NONNULL = YES;
				CLANG_ANALYZER_NUMBER_OBJECT_CONVERSION = YES_AGGRESSIVE;
				CLANG_CXX_LANGUAGE_STANDARD = "gnu++17";
				CLANG_ENABLE_MODULES = YES;
				CLANG_ENABLE_OBJC_ARC = YES;
				CLANG_ENABLE_OBJC_WEAK = YES;
				CLANG_WARN_BLOCK_CAPTURE_AUTORELEASING = YES;
				CLANG_WARN_BOOL_CONVERSION = YES;
				CLANG_WARN_COMMA = YES;
				CLANG_WARN_CONSTANT_CONVERSION = YES;
				CLANG_WARN_DEPRECATED_OBJC_IMPLEMENTATIONS = YES;
				CLANG_WARN_DIRECT_OBJC_ISA_USAGE = YES_ERROR;
				CLANG_WARN_DOCUMENTATION_COMMENTS = YES;
				CLANG_WARN_EMPTY_BODY = YES;
				CLANG_WARN_ENUM_CONVERSION = YES;
				CLANG_WARN_INFINITE_RECURSION = YES;
				CLANG_WARN_INT_CONVERSION = YES;
				CLANG_WARN_NON_LITERAL_NULL_CONVERSION = YES;
				CLANG_WARN_OBJC_IMPLICIT_RETAIN_SELF = YES;
				CLANG_WARN_OBJC_LITERAL_CONVERSION = YES;
				CLANG_WARN_OBJC_ROOT_CLASS = YES_ERROR;
				CLANG_WARN_QUOTED_INCLUDE_IN_FRAMEWORK_HEADER = YES;
				CLANG_WARN_RANGE_LOOP_ANALYSIS = YES;
				CLANG_WARN_STRICT_PROTOTYPES = YES;
				CLANG_WARN_SUSPICIOUS_MOVE = YES;
				CLANG_WARN_UNGUARDED_AVAILABILITY = YES_AGGRESSIVE;
				CLANG_WARN_UNREACHABLE_CODE = YES;
				CLANG_WARN__DUPLICATE_METHOD_MATCH = YES;
				COPY_PHASE_STRIP = NO;
				DEBUG_INFORMATION_FORMAT = dwarf;
				ENABLE_STRICT_OBJC_MSGSEND = YES;
				ENABLE_TESTABILITY = YES;
				GCC_C_LANGUAGE_STANDARD = gnu11;
				GCC_DYNAMIC_NO_PIC = NO;
				GCC_NO_COMMON_BLOCKS = YES;
				GCC_OPTIMIZATION_LEVEL = 0;
				GCC_PREPROCESSOR_DEFINITIONS = (
					"DEBUG=1",
					"$(inherited)",
				);
				GCC_WARN_64_TO_32_BIT_CONVERSION = YES;
				GCC_WARN_ABOUT_RETURN_TYPE = YES_ERROR;
				GCC_WARN_UNDECLARED_SELECTOR = YES;
				GCC_WARN_UNINITIALIZED_AUTOS = YES_AGGRESSIVE;
				GCC_WARN_UNUSED_FUNCTION = YES;
				GCC_WARN_UNUSED_VARIABLE = YES;
				IPHONEOS_DEPLOYMENT_TARGET = 15.4;
				MTL_ENABLE_DEBUG_INFO = INCLUDE_SOURCE;
				MTL_FAST_MATH = YES;
				ONLY_ACTIVE_ARCH = YES;
				SDKROOT = iphoneos;
				SWIFT_ACTIVE_COMPILATION_CONDITIONS = DEBUG;
				SWIFT_OPTIMIZATION_LEVEL = "-Onone";
			};
			name = Debug;
		};
		52C9EBF228380CB000682E3B /* Release */ = {
			isa = XCBuildConfiguration;
			buildSettings = {
				ALWAYS_SEARCH_USER_PATHS = NO;
				CLANG_ANALYZER_NONNULL = YES;
				CLANG_ANALYZER_NUMBER_OBJECT_CONVERSION = YES_AGGRESSIVE;
				CLANG_CXX_LANGUAGE_STANDARD = "gnu++17";
				CLANG_ENABLE_MODULES = YES;
				CLANG_ENABLE_OBJC_ARC = YES;
				CLANG_ENABLE_OBJC_WEAK = YES;
				CLANG_WARN_BLOCK_CAPTURE_AUTORELEASING = YES;
				CLANG_WARN_BOOL_CONVERSION = YES;
				CLANG_WARN_COMMA = YES;
				CLANG_WARN_CONSTANT_CONVERSION = YES;
				CLANG_WARN_DEPRECATED_OBJC_IMPLEMENTATIONS = YES;
				CLANG_WARN_DIRECT_OBJC_ISA_USAGE = YES_ERROR;
				CLANG_WARN_DOCUMENTATION_COMMENTS = YES;
				CLANG_WARN_EMPTY_BODY = YES;
				CLANG_WARN_ENUM_CONVERSION = YES;
				CLANG_WARN_INFINITE_RECURSION = YES;
				CLANG_WARN_INT_CONVERSION = YES;
				CLANG_WARN_NON_LITERAL_NULL_CONVERSION = YES;
				CLANG_WARN_OBJC_IMPLICIT_RETAIN_SELF = YES;
				CLANG_WARN_OBJC_LITERAL_CONVERSION = YES;
				CLANG_WARN_OBJC_ROOT_CLASS = YES_ERROR;
				CLANG_WARN_QUOTED_INCLUDE_IN_FRAMEWORK_HEADER = YES;
				CLANG_WARN_RANGE_LOOP_ANALYSIS = YES;
				CLANG_WARN_STRICT_PROTOTYPES = YES;
				CLANG_WARN_SUSPICIOUS_MOVE = YES;
				CLANG_WARN_UNGUARDED_AVAILABILITY = YES_AGGRESSIVE;
				CLANG_WARN_UNREACHABLE_CODE = YES;
				CLANG_WARN__DUPLICATE_METHOD_MATCH = YES;
				COPY_PHASE_STRIP = NO;
				DEBUG_INFORMATION_FORMAT = "dwarf-with-dsym";
				ENABLE_NS_ASSERTIONS = NO;
				ENABLE_STRICT_OBJC_MSGSEND = YES;
				GCC_C_LANGUAGE_STANDARD = gnu11;
				GCC_NO_COMMON_BLOCKS = YES;
				GCC_WARN_64_TO_32_BIT_CONVERSION = YES;
				GCC_WARN_ABOUT_RETURN_TYPE = YES_ERROR;
				GCC_WARN_UNDECLARED_SELECTOR = YES;
				GCC_WARN_UNINITIALIZED_AUTOS = YES_AGGRESSIVE;
				GCC_WARN_UNUSED_FUNCTION = YES;
				GCC_WARN_UNUSED_VARIABLE = YES;
				IPHONEOS_DEPLOYMENT_TARGET = 15.4;
				MTL_ENABLE_DEBUG_INFO = NO;
				MTL_FAST_MATH = YES;
				SDKROOT = iphoneos;
				SWIFT_COMPILATION_MODE = wholemodule;
				SWIFT_OPTIMIZATION_LEVEL = "-O";
				VALIDATE_PRODUCT = YES;
			};
			name = Release;
		};
		52C9EBF428380CB000682E3B /* Debug */ = {
			isa = XCBuildConfiguration;
			buildSettings = {
				ALWAYS_EMBED_SWIFT_STANDARD_LIBRARIES = YES;
				ASSETCATALOG_COMPILER_APPICON_NAME = AppIcon;
				ASSETCATALOG_COMPILER_GLOBAL_ACCENT_COLOR_NAME = AccentColor;
				CODE_SIGN_ENTITLEMENTS = MoonbounceiOS/MoonbounceiOS.entitlements;
				CODE_SIGN_STYLE = Automatic;
				CURRENT_PROJECT_VERSION = 1;
				DEVELOPMENT_ASSET_PATHS = "\"MoonbounceiOS/Preview Content\"";
				DEVELOPMENT_TEAM = 67Y4NSLDQ3;
				ENABLE_PREVIEWS = YES;
				GENERATE_INFOPLIST_FILE = YES;
				INFOPLIST_KEY_UIApplicationSceneManifest_Generation = YES;
				INFOPLIST_KEY_UIApplicationSupportsIndirectInputEvents = YES;
				INFOPLIST_KEY_UILaunchScreen_Generation = YES;
				INFOPLIST_KEY_UISupportedInterfaceOrientations_iPad = "UIInterfaceOrientationPortrait UIInterfaceOrientationPortraitUpsideDown UIInterfaceOrientationLandscapeLeft UIInterfaceOrientationLandscapeRight";
				INFOPLIST_KEY_UISupportedInterfaceOrientations_iPhone = "UIInterfaceOrientationPortrait UIInterfaceOrientationLandscapeLeft UIInterfaceOrientationLandscapeRight";
				LD_RUNPATH_SEARCH_PATHS = (
					"$(inherited)",
					"@executable_path/Frameworks",
				);
				MARKETING_VERSION = 1.0;
				PRODUCT_BUNDLE_IDENTIFIER = org.OperatorFoundation.MoonbounceiOS;
				PRODUCT_NAME = "$(TARGET_NAME)";
				SWIFT_EMIT_LOC_STRINGS = YES;
				SWIFT_VERSION = 5.0;
				TARGETED_DEVICE_FAMILY = "1,2";
			};
			name = Debug;
		};
		52C9EBF528380CB000682E3B /* Release */ = {
			isa = XCBuildConfiguration;
			buildSettings = {
				ALWAYS_EMBED_SWIFT_STANDARD_LIBRARIES = YES;
				ASSETCATALOG_COMPILER_APPICON_NAME = AppIcon;
				ASSETCATALOG_COMPILER_GLOBAL_ACCENT_COLOR_NAME = AccentColor;
				CODE_SIGN_ENTITLEMENTS = MoonbounceiOS/MoonbounceiOS.entitlements;
				CODE_SIGN_STYLE = Automatic;
				CURRENT_PROJECT_VERSION = 1;
				DEVELOPMENT_ASSET_PATHS = "\"MoonbounceiOS/Preview Content\"";
				DEVELOPMENT_TEAM = 67Y4NSLDQ3;
				ENABLE_PREVIEWS = YES;
				GENERATE_INFOPLIST_FILE = YES;
				INFOPLIST_KEY_UIApplicationSceneManifest_Generation = YES;
				INFOPLIST_KEY_UIApplicationSupportsIndirectInputEvents = YES;
				INFOPLIST_KEY_UILaunchScreen_Generation = YES;
				INFOPLIST_KEY_UISupportedInterfaceOrientations_iPad = "UIInterfaceOrientationPortrait UIInterfaceOrientationPortraitUpsideDown UIInterfaceOrientationLandscapeLeft UIInterfaceOrientationLandscapeRight";
				INFOPLIST_KEY_UISupportedInterfaceOrientations_iPhone = "UIInterfaceOrientationPortrait UIInterfaceOrientationLandscapeLeft UIInterfaceOrientationLandscapeRight";
				LD_RUNPATH_SEARCH_PATHS = (
					"$(inherited)",
					"@executable_path/Frameworks",
				);
				MARKETING_VERSION = 1.0;
				PRODUCT_BUNDLE_IDENTIFIER = org.OperatorFoundation.MoonbounceiOS;
				PRODUCT_NAME = "$(TARGET_NAME)";
				SWIFT_EMIT_LOC_STRINGS = YES;
				SWIFT_VERSION = 5.0;
				TARGETED_DEVICE_FAMILY = "1,2";
			};
			name = Release;
		};
		AE06351F2910823300453CC4 /* Debug */ = {
			isa = XCBuildConfiguration;
			buildSettings = {
				CLANG_CXX_LANGUAGE_STANDARD = "gnu++20";
				CODE_SIGN_ENTITLEMENTS = MoonbouncePacketTunnelProvider/MoonbouncePacketTunnelProvider.entitlements;
				CODE_SIGN_STYLE = Automatic;
				CURRENT_PROJECT_VERSION = 1;
				DEVELOPMENT_TEAM = 67Y4NSLDQ3;
				GENERATE_INFOPLIST_FILE = YES;
				INFOPLIST_FILE = MoonbouncePacketTunnelProvider/Info.plist;
				INFOPLIST_KEY_CFBundleDisplayName = MoonbouncePacketTunnelProvider;
				INFOPLIST_KEY_NSHumanReadableCopyright = "";
				IPHONEOS_DEPLOYMENT_TARGET = 16.0;
				LD_RUNPATH_SEARCH_PATHS = (
					"$(inherited)",
					"@executable_path/Frameworks",
					"@executable_path/../../Frameworks",
				);
				MARKETING_VERSION = 1.0;
				PRODUCT_BUNDLE_IDENTIFIER = org.OperatorFoundation.MoonbounceiOS.MoonbouncePacketTunnelProvider;
				PRODUCT_NAME = "$(TARGET_NAME)";
				SKIP_INSTALL = YES;
				SWIFT_EMIT_LOC_STRINGS = YES;
				SWIFT_VERSION = 5.0;
				TARGETED_DEVICE_FAMILY = "1,2";
			};
			name = Debug;
		};
		AE0635202910823300453CC4 /* Release */ = {
			isa = XCBuildConfiguration;
			buildSettings = {
				CLANG_CXX_LANGUAGE_STANDARD = "gnu++20";
				CODE_SIGN_ENTITLEMENTS = MoonbouncePacketTunnelProvider/MoonbouncePacketTunnelProvider.entitlements;
				CODE_SIGN_STYLE = Automatic;
				CURRENT_PROJECT_VERSION = 1;
				DEVELOPMENT_TEAM = 67Y4NSLDQ3;
				GENERATE_INFOPLIST_FILE = YES;
				INFOPLIST_FILE = MoonbouncePacketTunnelProvider/Info.plist;
				INFOPLIST_KEY_CFBundleDisplayName = MoonbouncePacketTunnelProvider;
				INFOPLIST_KEY_NSHumanReadableCopyright = "";
				IPHONEOS_DEPLOYMENT_TARGET = 16.0;
				LD_RUNPATH_SEARCH_PATHS = (
					"$(inherited)",
					"@executable_path/Frameworks",
					"@executable_path/../../Frameworks",
				);
				MARKETING_VERSION = 1.0;
				PRODUCT_BUNDLE_IDENTIFIER = org.OperatorFoundation.MoonbounceiOS.MoonbouncePacketTunnelProvider;
				PRODUCT_NAME = "$(TARGET_NAME)";
				SKIP_INSTALL = YES;
				SWIFT_EMIT_LOC_STRINGS = YES;
				SWIFT_VERSION = 5.0;
				TARGETED_DEVICE_FAMILY = "1,2";
			};
			name = Release;
		};
/* End XCBuildConfiguration section */

/* Begin XCConfigurationList section */
		52C9EBE028380CAF00682E3B /* Build configuration list for PBXProject "MoonbounceiOS" */ = {
			isa = XCConfigurationList;
			buildConfigurations = (
				52C9EBF128380CB000682E3B /* Debug */,
				52C9EBF228380CB000682E3B /* Release */,
			);
			defaultConfigurationIsVisible = 0;
			defaultConfigurationName = Release;
		};
		52C9EBF328380CB000682E3B /* Build configuration list for PBXNativeTarget "MoonbounceiOS" */ = {
			isa = XCConfigurationList;
			buildConfigurations = (
				52C9EBF428380CB000682E3B /* Debug */,
				52C9EBF528380CB000682E3B /* Release */,
			);
			defaultConfigurationIsVisible = 0;
			defaultConfigurationName = Release;
		};
		AE06351E2910823300453CC4 /* Build configuration list for PBXNativeTarget "MoonbouncePacketTunnelProvider" */ = {
			isa = XCConfigurationList;
			buildConfigurations = (
				AE06351F2910823300453CC4 /* Debug */,
				AE0635202910823300453CC4 /* Release */,
			);
			defaultConfigurationIsVisible = 0;
			defaultConfigurationName = Release;
		};
/* End XCConfigurationList section */

/* Begin XCRemoteSwiftPackageReference section */
		52F5D5A528456F490077F2C5 /* XCRemoteSwiftPackageReference "MoonbounceLibrary" */ = {
			isa = XCRemoteSwiftPackageReference;
			repositoryURL = "https://github.com/OperatorFoundation/MoonbounceLibrary.git";
			requirement = {
				branch = main;
				kind = branch;
			};
		};
/* End XCRemoteSwiftPackageReference section */

/* Begin XCSwiftPackageProductDependency section */
		52F5D5A828456F490077F2C5 /* MoonbounceLibrary */ = {
			isa = XCSwiftPackageProductDependency;
			package = 52F5D5A528456F490077F2C5 /* XCRemoteSwiftPackageReference "MoonbounceLibrary" */;
			productName = MoonbounceLibrary;
		};
		52F5D5AA28456F490077F2C5 /* MoonbounceNetworkExtensionLibrary */ = {
			isa = XCSwiftPackageProductDependency;
			package = 52F5D5A528456F490077F2C5 /* XCRemoteSwiftPackageReference "MoonbounceLibrary" */;
			productName = MoonbounceNetworkExtensionLibrary;
		};
		52F5D5AC28456F490077F2C5 /* MoonbounceShared */ = {
			isa = XCSwiftPackageProductDependency;
			package = 52F5D5A528456F490077F2C5 /* XCRemoteSwiftPackageReference "MoonbounceLibrary" */;
			productName = MoonbounceShared;
		};
		AE063521291082DE00453CC4 /* MoonbounceLibrary */ = {
			isa = XCSwiftPackageProductDependency;
			package = 52F5D5A528456F490077F2C5 /* XCRemoteSwiftPackageReference "MoonbounceLibrary" */;
			productName = MoonbounceLibrary;
		};
		AE063523291082DE00453CC4 /* MoonbounceNetworkExtensionLibrary */ = {
			isa = XCSwiftPackageProductDependency;
			package = 52F5D5A528456F490077F2C5 /* XCRemoteSwiftPackageReference "MoonbounceLibrary" */;
			productName = MoonbounceNetworkExtensionLibrary;
		};
		AE063525291082DE00453CC4 /* MoonbounceShared */ = {
			isa = XCSwiftPackageProductDependency;
			package = 52F5D5A528456F490077F2C5 /* XCRemoteSwiftPackageReference "MoonbounceLibrary" */;
			productName = MoonbounceShared;
		};
/* End XCSwiftPackageProductDependency section */
	};
	rootObject = 52C9EBDD28380CAF00682E3B /* Project object */;
}
